
Microsoft Visual Studio Solution File, Format Version 12.00
# Visual Studio 2013
VisualStudioVersion = 12.0.40629.0
MinimumVisualStudioVersion = 10.0.40219.1
Project("{2150E333-8FDC-42A3-9474-1A3956D46DE8}") = "Dll", "Dll", "{AD5B60C1-0429-4BB7-9F03-EEC796142992}"
EndProject
Project("{2150E333-8FDC-42A3-9474-1A3956D46DE8}") = "Tests", "Tests", "{1C042879-231D-4861-BB80-543ED7F3A40E}"
EndProject
Project("{FAE04EC0-301F-11D3-BF4B-00C04F79EFBC}") = "RegularExpressionToText.Elements", "Dll\Elements\RegularExpressionToText.Elements.csproj", "{2C39937A-3681-4CC6-877E-2BF2612026B1}"
EndProject
Project("{FAE04EC0-301F-11D3-BF4B-00C04F79EFBC}") = "ElementsTests", "Tests\ElementsTests\ElementsTests.csproj", "{BDBF49D5-017A-4902-B267-58FF9FDE2E5A}"
EndProject
Project("{FAE04EC0-301F-11D3-BF4B-00C04F79EFBC}") = "Utilities", "Dll\Utilities\Utilities\Utilities.csproj", "{56251180-F800-4D8C-AD4E-04E78CA0539A}"
EndProject
Project("{FAE04EC0-301F-11D3-BF4B-00C04F79EFBC}") = "UtilitiesTests", "Tests\UtilitiesTests\UtilitiesTests\UtilitiesTests.csproj", "{0C28E1A0-5A0E-42D8-8DF4-71D03A07B932}"
EndProject
Project("{FAE04EC0-301F-11D3-BF4B-00C04F79EFBC}") = "Fakes", "Tests\Fakes\Fakes\Fakes.csproj", "{3FC25E7B-E017-435C-BB89-69E1F1F25BFC}"
EndProject
Project("{FAE04EC0-301F-11D3-BF4B-00C04F79EFBC}") = "ExpressionParsingTests", "Tests\ExpressionParsingTests\ExpressionParsingTests.csproj", "{3AB68F5D-0F2A-45A1-8EA2-78C45E46359A}"
EndProject
Project("{2150E333-8FDC-42A3-9474-1A3956D46DE8}") = "Documents", "Documents", "{3EBBDD9E-4583-475F-B917-44105C8CEFE6}"
	ProjectSection(SolutionItems) = preProject
		LICENSE = LICENSE
		README.md = README.md
	EndProjectSection
EndProject
Project("{FAE04EC0-301F-11D3-BF4B-00C04F79EFBC}") = "RegularExpressionToText.Collections", "Collections\RegularExpressionToText.Collections.csproj", "{06705EC8-5835-4E3E-9490-ED48DBD79855}"
EndProject
Project("{FAE04EC0-301F-11D3-BF4B-00C04F79EFBC}") = "RegularExpressionToText.Collections.Tests", "RegularExpressionToText.Collections.Tests\RegularExpressionToText.Collections.Tests.csproj", "{5407FD93-200D-45D8-8021-41526BC9F026}"
EndProject
Global
	GlobalSection(SolutionConfigurationPlatforms) = preSolution
		Debug|Any CPU = Debug|Any CPU
		Release|Any CPU = Release|Any CPU
	EndGlobalSection
	GlobalSection(ProjectConfigurationPlatforms) = postSolution
		{2C39937A-3681-4CC6-877E-2BF2612026B1}.Debug|Any CPU.ActiveCfg = Debug|Any CPU
		{2C39937A-3681-4CC6-877E-2BF2612026B1}.Debug|Any CPU.Build.0 = Debug|Any CPU
		{2C39937A-3681-4CC6-877E-2BF2612026B1}.Release|Any CPU.ActiveCfg = Release|Any CPU
		{2C39937A-3681-4CC6-877E-2BF2612026B1}.Release|Any CPU.Build.0 = Release|Any CPU
		{BDBF49D5-017A-4902-B267-58FF9FDE2E5A}.Debug|Any CPU.ActiveCfg = Debug|Any CPU
		{BDBF49D5-017A-4902-B267-58FF9FDE2E5A}.Debug|Any CPU.Build.0 = Debug|Any CPU
		{BDBF49D5-017A-4902-B267-58FF9FDE2E5A}.Release|Any CPU.ActiveCfg = Release|Any CPU
		{BDBF49D5-017A-4902-B267-58FF9FDE2E5A}.Release|Any CPU.Build.0 = Release|Any CPU
		{56251180-F800-4D8C-AD4E-04E78CA0539A}.Debug|Any CPU.ActiveCfg = Debug|Any CPU
		{56251180-F800-4D8C-AD4E-04E78CA0539A}.Debug|Any CPU.Build.0 = Debug|Any CPU
		{56251180-F800-4D8C-AD4E-04E78CA0539A}.Release|Any CPU.ActiveCfg = Release|Any CPU
		{56251180-F800-4D8C-AD4E-04E78CA0539A}.Release|Any CPU.Build.0 = Release|Any CPU
		{0C28E1A0-5A0E-42D8-8DF4-71D03A07B932}.Debug|Any CPU.ActiveCfg = Debug|Any CPU
		{0C28E1A0-5A0E-42D8-8DF4-71D03A07B932}.Debug|Any CPU.Build.0 = Debug|Any CPU
		{0C28E1A0-5A0E-42D8-8DF4-71D03A07B932}.Release|Any CPU.ActiveCfg = Release|Any CPU
		{0C28E1A0-5A0E-42D8-8DF4-71D03A07B932}.Release|Any CPU.Build.0 = Release|Any CPU
		{3FC25E7B-E017-435C-BB89-69E1F1F25BFC}.Debug|Any CPU.ActiveCfg = Debug|Any CPU
		{3FC25E7B-E017-435C-BB89-69E1F1F25BFC}.Debug|Any CPU.Build.0 = Debug|Any CPU
		{3FC25E7B-E017-435C-BB89-69E1F1F25BFC}.Release|Any CPU.ActiveCfg = Release|Any CPU
		{3FC25E7B-E017-435C-BB89-69E1F1F25BFC}.Release|Any CPU.Build.0 = Release|Any CPU
		{3AB68F5D-0F2A-45A1-8EA2-78C45E46359A}.Debug|Any CPU.ActiveCfg = Debug|Any CPU
		{3AB68F5D-0F2A-45A1-8EA2-78C45E46359A}.Debug|Any CPU.Build.0 = Debug|Any CPU
		{3AB68F5D-0F2A-45A1-8EA2-78C45E46359A}.Release|Any CPU.ActiveCfg = Release|Any CPU
		{3AB68F5D-0F2A-45A1-8EA2-78C45E46359A}.Release|Any CPU.Build.0 = Release|Any CPU
		{06705EC8-5835-4E3E-9490-ED48DBD79855}.Debug|Any CPU.ActiveCfg = Debug|Any CPU
		{06705EC8-5835-4E3E-9490-ED48DBD79855}.Debug|Any CPU.Build.0 = Debug|Any CPU
		{06705EC8-5835-4E3E-9490-ED48DBD79855}.Release|Any CPU.ActiveCfg = Release|Any CPU
		{06705EC8-5835-4E3E-9490-ED48DBD79855}.Release|Any CPU.Build.0 = Release|Any CPU
		{5407FD93-200D-45D8-8021-41526BC9F026}.Debug|Any CPU.ActiveCfg = Debug|Any CPU
		{5407FD93-200D-45D8-8021-41526BC9F026}.Debug|Any CPU.Build.0 = Debug|Any CPU
		{5407FD93-200D-45D8-8021-41526BC9F026}.Release|Any CPU.ActiveCfg = Release|Any CPU
		{5407FD93-200D-45D8-8021-41526BC9F026}.Release|Any CPU.Build.0 = Release|Any CPU
	EndGlobalSection
	GlobalSection(SolutionProperties) = preSolution
		HideSolutionNode = FALSE
	EndGlobalSection
	GlobalSection(NestedProjects) = preSolution
		{2C39937A-3681-4CC6-877E-2BF2612026B1} = {AD5B60C1-0429-4BB7-9F03-EEC796142992}
		{BDBF49D5-017A-4902-B267-58FF9FDE2E5A} = {1C042879-231D-4861-BB80-543ED7F3A40E}
		{56251180-F800-4D8C-AD4E-04E78CA0539A} = {AD5B60C1-0429-4BB7-9F03-EEC796142992}
		{0C28E1A0-5A0E-42D8-8DF4-71D03A07B932} = {1C042879-231D-4861-BB80-543ED7F3A40E}
		{3FC25E7B-E017-435C-BB89-69E1F1F25BFC} = {1C042879-231D-4861-BB80-543ED7F3A40E}
		{3AB68F5D-0F2A-45A1-8EA2-78C45E46359A} = {1C042879-231D-4861-BB80-543ED7F3A40E}
		{06705EC8-5835-4E3E-9490-ED48DBD79855} = {AD5B60C1-0429-4BB7-9F03-EEC796142992}
		{5407FD93-200D-45D8-8021-41526BC9F026} = {1C042879-231D-4861-BB80-543ED7F3A40E}
	EndGlobalSection
EndGlobal
